// !$*UTF8*$!
{
	archiveVersion = 1;
	classes = {
	};
	objectVersion = 50;
	objects = {

/* Begin PBXBuildFile section */
		E9112C9B249EC95400332072 /* CacheManager.swift in Sources */ = {isa = PBXBuildFile; fileRef = E9112C9A249EC95400332072 /* CacheManager.swift */; };
		E9691A7F2495BE180081EAAB /* AppDelegate.swift in Sources */ = {isa = PBXBuildFile; fileRef = E9691A7E2495BE180081EAAB /* AppDelegate.swift */; };
		E9691A812495BE180081EAAB /* SceneDelegate.swift in Sources */ = {isa = PBXBuildFile; fileRef = E9691A802495BE180081EAAB /* SceneDelegate.swift */; };
		E9691A832495BE180081EAAB /* ViewController.swift in Sources */ = {isa = PBXBuildFile; fileRef = E9691A822495BE180081EAAB /* ViewController.swift */; };
		E9691A862495BE180081EAAB /* Main.storyboard in Resources */ = {isa = PBXBuildFile; fileRef = E9691A842495BE180081EAAB /* Main.storyboard */; };
		E9691A882495BE1C0081EAAB /* Assets.xcassets in Resources */ = {isa = PBXBuildFile; fileRef = E9691A872495BE1C0081EAAB /* Assets.xcassets */; };
		E9691A8B2495BE1C0081EAAB /* LaunchScreen.storyboard in Resources */ = {isa = PBXBuildFile; fileRef = E9691A892495BE1C0081EAAB /* LaunchScreen.storyboard */; };
		E9691A952495CDAA0081EAAB /* Video.swift in Sources */ = {isa = PBXBuildFile; fileRef = E9691A942495CDAA0081EAAB /* Video.swift */; };
		E9691A972495CDE80081EAAB /* Model.swift in Sources */ = {isa = PBXBuildFile; fileRef = E9691A962495CDE80081EAAB /* Model.swift */; };
		E9691A9B24994F620081EAAB /* Constants.swift in Sources */ = {isa = PBXBuildFile; fileRef = E9691A9A24994F620081EAAB /* Constants.swift */; };
		E9691A9D249C9A390081EAAB /* Response.swift in Sources */ = {isa = PBXBuildFile; fileRef = E9691A9C249C9A390081EAAB /* Response.swift */; };
		E9691A9F249EBC690081EAAB /* VideoTableViewCell.swift in Sources */ = {isa = PBXBuildFile; fileRef = E9691A9E249EBC690081EAAB /* VideoTableViewCell.swift */; };
/* End PBXBuildFile section */

/* Begin PBXFileReference section */
		E9112C9A249EC95400332072 /* CacheManager.swift */ = {isa = PBXFileReference; lastKnownFileType = sourcecode.swift; path = CacheManager.swift; sourceTree = "<group>"; };
		E9691A7B2495BE180081EAAB /* youtube-onedaybuild.app */ = {isa = PBXFileReference; explicitFileType = wrapper.application; includeInIndex = 0; path = "youtube-onedaybuild.app"; sourceTree = BUILT_PRODUCTS_DIR; };
		E9691A7E2495BE180081EAAB /* AppDelegate.swift */ = {isa = PBXFileReference; lastKnownFileType = sourcecode.swift; path = AppDelegate.swift; sourceTree = "<group>"; };
		E9691A802495BE180081EAAB /* SceneDelegate.swift */ = {isa = PBXFileReference; lastKnownFileType = sourcecode.swift; path = SceneDelegate.swift; sourceTree = "<group>"; };
		E9691A822495BE180081EAAB /* ViewController.swift */ = {isa = PBXFileReference; lastKnownFileType = sourcecode.swift; path = ViewController.swift; sourceTree = "<group>"; };
		E9691A852495BE180081EAAB /* Base */ = {isa = PBXFileReference; lastKnownFileType = file.storyboard; name = Base; path = Base.lproj/Main.storyboard; sourceTree = "<group>"; };
		E9691A872495BE1C0081EAAB /* Assets.xcassets */ = {isa = PBXFileReference; lastKnownFileType = folder.assetcatalog; path = Assets.xcassets; sourceTree = "<group>"; };
		E9691A8A2495BE1C0081EAAB /* Base */ = {isa = PBXFileReference; lastKnownFileType = file.storyboard; name = Base; path = Base.lproj/LaunchScreen.storyboard; sourceTree = "<group>"; };
		E9691A8C2495BE1C0081EAAB /* Info.plist */ = {isa = PBXFileReference; lastKnownFileType = text.plist.xml; path = Info.plist; sourceTree = "<group>"; };
		E9691A942495CDAA0081EAAB /* Video.swift */ = {isa = PBXFileReference; lastKnownFileType = sourcecode.swift; path = Video.swift; sourceTree = "<group>"; };
		E9691A962495CDE80081EAAB /* Model.swift */ = {isa = PBXFileReference; lastKnownFileType = sourcecode.swift; path = Model.swift; sourceTree = "<group>"; };
		E9691A9A24994F620081EAAB /* Constants.swift */ = {isa = PBXFileReference; lastKnownFileType = sourcecode.swift; path = Constants.swift; sourceTree = "<group>"; };
		E9691A9C249C9A390081EAAB /* Response.swift */ = {isa = PBXFileReference; lastKnownFileType = sourcecode.swift; path = Response.swift; sourceTree = "<group>"; };
		E9691A9E249EBC690081EAAB /* VideoTableViewCell.swift */ = {isa = PBXFileReference; lastKnownFileType = sourcecode.swift; path = VideoTableViewCell.swift; sourceTree = "<group>"; };
/* End PBXFileReference section */

/* Begin PBXFrameworksBuildPhase section */
		E9691A782495BE170081EAAB /* Frameworks */ = {
			isa = PBXFrameworksBuildPhase;
			buildActionMask = 2147483647;
			files = (
			);
			runOnlyForDeploymentPostprocessing = 0;
		};
/* End PBXFrameworksBuildPhase section */

/* Begin PBXGroup section */
		E9691A722495BE170081EAAB = {
			isa = PBXGroup;
			children = (
				E9691A7D2495BE180081EAAB /* youtube-onedaybuild */,
				E9691A7C2495BE180081EAAB /* Products */,
			);
			sourceTree = "<group>";
		};
		E9691A7C2495BE180081EAAB /* Products */ = {
			isa = PBXGroup;
			children = (
				E9691A7B2495BE180081EAAB /* youtube-onedaybuild.app */,
			);
			name = Products;
			sourceTree = "<group>";
		};
		E9691A7D2495BE180081EAAB /* youtube-onedaybuild */ = {
			isa = PBXGroup;
			children = (
				E9691A7E2495BE180081EAAB /* AppDelegate.swift */,
				E9691A802495BE180081EAAB /* SceneDelegate.swift */,
				E9691AA4249EBC950081EAAB /* Helpers */,
				E9691AA3249EBC8D0081EAAB /* Storyboards */,
				E9691AA2249EBC870081EAAB /* Models */,
				E9691AA1249EBC820081EAAB /* Views */,
				E9691AA0249EBC760081EAAB /* View Controller */,
				E9691A872495BE1C0081EAAB /* Assets.xcassets */,
				E9691A8C2495BE1C0081EAAB /* Info.plist */,
			);
			path = "youtube-onedaybuild";
			sourceTree = "<group>";
		};
		E9691AA0249EBC760081EAAB /* View Controller */ = {
			isa = PBXGroup;
			children = (
				E9691A822495BE180081EAAB /* ViewController.swift */,
			);
			path = "View Controller";
			sourceTree = "<group>";
		};
		E9691AA1249EBC820081EAAB /* Views */ = {
			isa = PBXGroup;
			children = (
				E9691A9E249EBC690081EAAB /* VideoTableViewCell.swift */,
			);
			path = Views;
			sourceTree = "<group>";
		};
		E9691AA2249EBC870081EAAB /* Models */ = {
			isa = PBXGroup;
			children = (
				E9691A942495CDAA0081EAAB /* Video.swift */,
				E9691A962495CDE80081EAAB /* Model.swift */,
				E9691A9C249C9A390081EAAB /* Response.swift */,
			);
			path = Models;
			sourceTree = "<group>";
		};
		E9691AA3249EBC8D0081EAAB /* Storyboards */ = {
			isa = PBXGroup;
			children = (
				E9691A842495BE180081EAAB /* Main.storyboard */,
				E9691A892495BE1C0081EAAB /* LaunchScreen.storyboard */,
			);
			path = Storyboards;
			sourceTree = "<group>";
		};
		E9691AA4249EBC950081EAAB /* Helpers */ = {
			isa = PBXGroup;
			children = (
				E9691A9A24994F620081EAAB /* Constants.swift */,
				E9112C9A249EC95400332072 /* CacheManager.swift */,
			);
			path = Helpers;
			sourceTree = "<group>";
		};
/* End PBXGroup section */

/* Begin PBXNativeTarget section */
		E9691A7A2495BE170081EAAB /* youtube-onedaybuild */ = {
			isa = PBXNativeTarget;
			buildConfigurationList = E9691A8F2495BE1C0081EAAB /* Build configuration list for PBXNativeTarget "youtube-onedaybuild" */;
			buildPhases = (
				E9691A772495BE170081EAAB /* Sources */,
				E9691A782495BE170081EAAB /* Frameworks */,
				E9691A792495BE170081EAAB /* Resources */,
			);
			buildRules = (
			);
			dependencies = (
			);
			name = "youtube-onedaybuild";
			productName = "youtube-onedaybuild";
			productReference = E9691A7B2495BE180081EAAB /* youtube-onedaybuild.app */;
			productType = "com.apple.product-type.application";
		};
/* End PBXNativeTarget section */

/* Begin PBXProject section */
		E9691A732495BE170081EAAB /* Project object */ = {
			isa = PBXProject;
			attributes = {
				LastSwiftUpdateCheck = 1150;
				LastUpgradeCheck = 1150;
				ORGANIZATIONNAME = "Alex Truong";
				TargetAttributes = {
					E9691A7A2495BE170081EAAB = {
						CreatedOnToolsVersion = 11.5;
					};
				};
			};
			buildConfigurationList = E9691A762495BE170081EAAB /* Build configuration list for PBXProject "youtube-onedaybuild" */;
			compatibilityVersion = "Xcode 9.3";
			developmentRegion = en;
			hasScannedForEncodings = 0;
			knownRegions = (
				en,
				Base,
			);
			mainGroup = E9691A722495BE170081EAAB;
			productRefGroup = E9691A7C2495BE180081EAAB /* Products */;
			projectDirPath = "";
			projectRoot = "";
			targets = (
				E9691A7A2495BE170081EAAB /* youtube-onedaybuild */,
			);
		};
/* End PBXProject section */

/* Begin PBXResourcesBuildPhase section */
		E9691A792495BE170081EAAB /* Resources */ = {
			isa = PBXResourcesBuildPhase;
			buildActionMask = 2147483647;
			files = (
				E9691A8B2495BE1C0081EAAB /* LaunchScreen.storyboard in Resources */,
				E9691A882495BE1C0081EAAB /* Assets.xcassets in Resources */,
				E9691A862495BE180081EAAB /* Main.storyboard in Resources */,
			);
			runOnlyForDeploymentPostprocessing = 0;
		};
/* End PBXResourcesBuildPhase section */

/* Begin PBXSourcesBuildPhase section */
		E9691A772495BE170081EAAB /* Sources */ = {
			isa = PBXSourcesBuildPhase;
			buildActionMask = 2147483647;
			files = (
				E9691A832495BE180081EAAB /* ViewController.swift in Sources */,
				E9112C9B249EC95400332072 /* CacheManager.swift in Sources */,
				E9691A7F2495BE180081EAAB /* AppDelegate.swift in Sources */,
				E9691A812495BE180081EAAB /* SceneDelegate.swift in Sources */,
				E9691A972495CDE80081EAAB /* Model.swift in Sources */,
				E9691A952495CDAA0081EAAB /* Video.swift in Sources */,
				E9691A9F249EBC690081EAAB /* VideoTableViewCell.swift in Sources */,
				E9691A9B24994F620081EAAB /* Constants.swift in Sources */,
				E9691A9D249C9A390081EAAB /* Response.swift in Sources */,
			);
			runOnlyForDeploymentPostprocessing = 0;
		};
/* End PBXSourcesBuildPhase section */

/* Begin PBXVariantGroup section */
		E9691A842495BE180081EAAB /* Main.storyboard */ = {
			isa = PBXVariantGroup;
			children = (
				E9691A852495BE180081EAAB /* Base */,
			);
			name = Main.storyboard;
			sourceTree = "<group>";
		};
		E9691A892495BE1C0081EAAB /* LaunchScreen.storyboard */ = {
			isa = PBXVariantGroup;
			children = (
				E9691A8A2495BE1C0081EAAB /* Base */,
			);
			name = LaunchScreen.storyboard;
			sourceTree = "<group>";
		};
/* End PBXVariantGroup section */

/* Begin XCBuildConfiguration section */
		E9691A8D2495BE1C0081EAAB /* Debug */ = {
			isa = XCBuildConfiguration;
			buildSettings = {
				ALWAYS_SEARCH_USER_PATHS = NO;
				CLANG_ANALYZER_NONNULL = YES;
				CLANG_ANALYZER_NUMBER_OBJECT_CONVERSION = YES_AGGRESSIVE;
				CLANG_CXX_LANGUAGE_STANDARD = "gnu++14";
				CLANG_CXX_LIBRARY = "libc++";
				CLANG_ENABLE_MODULES = YES;
				CLANG_ENABLE_OBJC_ARC = YES;
				CLANG_ENABLE_OBJC_WEAK = YES;
				CLANG_WARN_BLOCK_CAPTURE_AUTORELEASING = YES;
				CLANG_WARN_BOOL_CONVERSION = YES;
				CLANG_WARN_COMMA = YES;
				CLANG_WARN_CONSTANT_CONVERSION = YES;
				CLANG_WARN_DEPRECATED_OBJC_IMPLEMENTATIONS = YES;
				CLANG_WARN_DIRECT_OBJC_ISA_USAGE = YES_ERROR;
				CLANG_WARN_DOCUMENTATION_COMMENTS = YES;
				CLANG_WARN_EMPTY_BODY = YES;
				CLANG_WARN_ENUM_CONVERSION = YES;
				CLANG_WARN_INFINITE_RECURSION = YES;
				CLANG_WARN_INT_CONVERSION = YES;
				CLANG_WARN_NON_LITERAL_NULL_CONVERSION = YES;
				CLANG_WARN_OBJC_IMPLICIT_RETAIN_SELF = YES;
				CLANG_WARN_OBJC_LITERAL_CONVERSION = YES;
				CLANG_WARN_OBJC_ROOT_CLASS = YES_ERROR;
				CLANG_WARN_RANGE_LOOP_ANALYSIS = YES;
				CLANG_WARN_STRICT_PROTOTYPES = YES;
				CLANG_WARN_SUSPICIOUS_MOVE = YES;
				CLANG_WARN_UNGUARDED_AVAILABILITY = YES_AGGRESSIVE;
				CLANG_WARN_UNREACHABLE_CODE = YES;
				CLANG_WARN__DUPLICATE_METHOD_MATCH = YES;
				COPY_PHASE_STRIP = NO;
				DEBUG_INFORMATION_FORMAT = dwarf;
				ENABLE_STRICT_OBJC_MSGSEND = YES;
				ENABLE_TESTABILITY = YES;
				GCC_C_LANGUAGE_STANDARD = gnu11;
				GCC_DYNAMIC_NO_PIC = NO;
				GCC_NO_COMMON_BLOCKS = YES;
				GCC_OPTIMIZATION_LEVEL = 0;
				GCC_PREPROCESSOR_DEFINITIONS = (
					"DEBUG=1",
					"$(inherited)",
				);
				GCC_WARN_64_TO_32_BIT_CONVERSION = YES;
				GCC_WARN_ABOUT_RETURN_TYPE = YES_ERROR;
				GCC_WARN_UNDECLARED_SELECTOR = YES;
				GCC_WARN_UNINITIALIZED_AUTOS = YES_AGGRESSIVE;
				GCC_WARN_UNUSED_FUNCTION = YES;
				GCC_WARN_UNUSED_VARIABLE = YES;
				IPHONEOS_DEPLOYMENT_TARGET = 13.5;
				MTL_ENABLE_DEBUG_INFO = INCLUDE_SOURCE;
				MTL_FAST_MATH = YES;
				ONLY_ACTIVE_ARCH = YES;
				SDKROOT = iphoneos;
				SWIFT_ACTIVE_COMPILATION_CONDITIONS = DEBUG;
				SWIFT_OPTIMIZATION_LEVEL = "-Onone";
			};
			name = Debug;
		};
		E9691A8E2495BE1C0081EAAB /* Release */ = {
			isa = XCBuildConfiguration;
			buildSettings = {
				ALWAYS_SEARCH_USER_PATHS = NO;
				CLANG_ANALYZER_NONNULL = YES;
				CLANG_ANALYZER_NUMBER_OBJECT_CONVERSION = YES_AGGRESSIVE;
				CLANG_CXX_LANGUAGE_STANDARD = "gnu++14";
				CLANG_CXX_LIBRARY = "libc++";
				CLANG_ENABLE_MODULES = YES;
				CLANG_ENABLE_OBJC_ARC = YES;
				CLANG_ENABLE_OBJC_WEAK = YES;
				CLANG_WARN_BLOCK_CAPTURE_AUTORELEASING = YES;
				CLANG_WARN_BOOL_CONVERSION = YES;
				CLANG_WARN_COMMA = YES;
				CLANG_WARN_CONSTANT_CONVERSION = YES;
				CLANG_WARN_DEPRECATED_OBJC_IMPLEMENTATIONS = YES;
				CLANG_WARN_DIRECT_OBJC_ISA_USAGE = YES_ERROR;
				CLANG_WARN_DOCUMENTATION_COMMENTS = YES;
				CLANG_WARN_EMPTY_BODY = YES;
				CLANG_WARN_ENUM_CONVERSION = YES;
				CLANG_WARN_INFINITE_RECURSION = YES;
				CLANG_WARN_INT_CONVERSION = YES;
				CLANG_WARN_NON_LITERAL_NULL_CONVERSION = YES;
				CLANG_WARN_OBJC_IMPLICIT_RETAIN_SELF = YES;
				CLANG_WARN_OBJC_LITERAL_CONVERSION = YES;
				CLANG_WARN_OBJC_ROOT_CLASS = YES_ERROR;
				CLANG_WARN_RANGE_LOOP_ANALYSIS = YES;
				CLANG_WARN_STRICT_PROTOTYPES = YES;
				CLANG_WARN_SUSPICIOUS_MOVE = YES;
				CLANG_WARN_UNGUARDED_AVAILABILITY = YES_AGGRESSIVE;
				CLANG_WARN_UNREACHABLE_CODE = YES;
				CLANG_WARN__DUPLICATE_METHOD_MATCH = YES;
				COPY_PHASE_STRIP = NO;
				DEBUG_INFORMATION_FORMAT = "dwarf-with-dsym";
				ENABLE_NS_ASSERTIONS = NO;
				ENABLE_STRICT_OBJC_MSGSEND = YES;
				GCC_C_LANGUAGE_STANDARD = gnu11;
				GCC_NO_COMMON_BLOCKS = YES;
				GCC_WARN_64_TO_32_BIT_CONVERSION = YES;
				GCC_WARN_ABOUT_RETURN_TYPE = YES_ERROR;
				GCC_WARN_UNDECLARED_SELECTOR = YES;
				GCC_WARN_UNINITIALIZED_AUTOS = YES_AGGRESSIVE;
				GCC_WARN_UNUSED_FUNCTION = YES;
				GCC_WARN_UNUSED_VARIABLE = YES;
				IPHONEOS_DEPLOYMENT_TARGET = 13.5;
				MTL_ENABLE_DEBUG_INFO = NO;
				MTL_FAST_MATH = YES;
				SDKROOT = iphoneos;
				SWIFT_COMPILATION_MODE = wholemodule;
				SWIFT_OPTIMIZATION_LEVEL = "-O";
				VALIDATE_PRODUCT = YES;
			};
			name = Release;
		};
		E9691A902495BE1C0081EAAB /* Debug */ = {
			isa = XCBuildConfiguration;
			buildSettings = {
				ASSETCATALOG_COMPILER_APPICON_NAME = AppIcon;
				CODE_SIGN_STYLE = Automatic;
				INFOPLIST_FILE = "youtube-onedaybuild/Info.plist";
				LD_RUNPATH_SEARCH_PATHS = (
					"$(inherited)",
					"@executable_path/Frameworks",
				);
				PRODUCT_BUNDLE_IDENTIFIER = "com.alexcode.youtube-onedaybuild";
				PRODUCT_NAME = "$(TARGET_NAME)";
				SWIFT_VERSION = 5.0;
				TARGETED_DEVICE_FAMILY = "1,2";
			};
			name = Debug;
		};
		E9691A912495BE1C0081EAAB /* Release */ = {
			isa = XCBuildConfiguration;
			buildSettings = {
				ASSETCATALOG_COMPILER_APPICON_NAME = AppIcon;
				CODE_SIGN_STYLE = Automatic;
				INFOPLIST_FILE = "youtube-onedaybuild/Info.plist";
				LD_RUNPATH_SEARCH_PATHS = (
					"$(inherited)",
					"@executable_path/Frameworks",
				);
				PRODUCT_BUNDLE_IDENTIFIER = "com.alexcode.youtube-onedaybuild";
				PRODUCT_NAME = "$(TARGET_NAME)";
				SWIFT_VERSION = 5.0;
				TARGETED_DEVICE_FAMILY = "1,2";
			};
			name = Release;
		};
/* End XCBuildConfiguration section */

/* Begin XCConfigurationList section */
		E9691A762495BE170081EAAB /* Build configuration list for PBXProject "youtube-onedaybuild" */ = {
			isa = XCConfigurationList;
			buildConfigurations = (
				E9691A8D2495BE1C0081EAAB /* Debug */,
				E9691A8E2495BE1C0081EAAB /* Release */,
			);
			defaultConfigurationIsVisible = 0;
			defaultConfigurationName = Release;
		};
		E9691A8F2495BE1C0081EAAB /* Build configuration list for PBXNativeTarget "youtube-onedaybuild" */ = {
			isa = XCConfigurationList;
			buildConfigurations = (
				E9691A902495BE1C0081EAAB /* Debug */,
				E9691A912495BE1C0081EAAB /* Release */,
			);
			defaultConfigurationIsVisible = 0;
			defaultConfigurationName = Release;
		};
/* End XCConfigurationList section */
	};
	rootObject = E9691A732495BE170081EAAB /* Project object */;
}
